// !$*UTF8*$!
{
	archiveVersion = 1;
	classes = {
	};
	objectVersion = 50;
	objects = {

/* Begin PBXBuildFile section */
		790E920C26051F1A005A1341 /* HairView.swift in Sources */ = {isa = PBXBuildFile; fileRef = 790E920B26051F1A005A1341 /* HairView.swift */; };
		7953F34C260531800089A86F /* PasswordScreen.swift in Sources */ = {isa = PBXBuildFile; fileRef = 7953F34B260531800089A86F /* PasswordScreen.swift */; };
		7953F351260531920089A86F /* PasswordView.swift in Sources */ = {isa = PBXBuildFile; fileRef = 7953F350260531920089A86F /* PasswordView.swift */; };
		7953F3562605502E0089A86F /* SafetyPlanScreen.swift in Sources */ = {isa = PBXBuildFile; fileRef = 7953F3552605502E0089A86F /* SafetyPlanScreen.swift */; };
		7953F35B2605503B0089A86F /* SafetyPlanView.swift in Sources */ = {isa = PBXBuildFile; fileRef = 7953F35A2605503B0089A86F /* SafetyPlanView.swift */; };
		7953F360260561300089A86F /* MoreInfoScreen.swift in Sources */ = {isa = PBXBuildFile; fileRef = 7953F35F260561300089A86F /* MoreInfoScreen.swift */; };
		7953F3652605615C0089A86F /* MoreInfoView.swift in Sources */ = {isa = PBXBuildFile; fileRef = 7953F3642605615C0089A86F /* MoreInfoView.swift */; };
		7953F36A260564500089A86F /* ChatScreen.swift in Sources */ = {isa = PBXBuildFile; fileRef = 7953F369260564500089A86F /* ChatScreen.swift */; };
		7953F36F2605645B0089A86F /* ChatView.swift in Sources */ = {isa = PBXBuildFile; fileRef = 7953F36E2605645B0089A86F /* ChatView.swift */; };
		79639602259BD6A700593863 /* AppDelegate.swift in Sources */ = {isa = PBXBuildFile; fileRef = 79639601259BD6A700593863 /* AppDelegate.swift */; };
		79639604259BD6A700593863 /* SceneDelegate.swift in Sources */ = {isa = PBXBuildFile; fileRef = 79639603259BD6A700593863 /* SceneDelegate.swift */; };
		79639606259BD6A700593863 /* HairScreen.swift in Sources */ = {isa = PBXBuildFile; fileRef = 79639605259BD6A700593863 /* HairScreen.swift */; };
		79639609259BD6A700593863 /* acesdv.xcdatamodeld in Sources */ = {isa = PBXBuildFile; fileRef = 79639607259BD6A700593863 /* acesdv.xcdatamodeld */; };
		7963960B259BD6A900593863 /* Assets.xcassets in Resources */ = {isa = PBXBuildFile; fileRef = 7963960A259BD6A900593863 /* Assets.xcassets */; };
		7963960E259BD6A900593863 /* Preview Assets.xcassets in Resources */ = {isa = PBXBuildFile; fileRef = 7963960D259BD6A900593863 /* Preview Assets.xcassets */; };
		79639611259BD6A900593863 /* LaunchScreen.storyboard in Resources */ = {isa = PBXBuildFile; fileRef = 7963960F259BD6A900593863 /* LaunchScreen.storyboard */; };
		7963961C259BD6A900593863 /* acesdvTests.swift in Sources */ = {isa = PBXBuildFile; fileRef = 7963961B259BD6A900593863 /* acesdvTests.swift */; };
		79639627259BD6A900593863 /* acesdvUITests.swift in Sources */ = {isa = PBXBuildFile; fileRef = 79639626259BD6A900593863 /* acesdvUITests.swift */; };
/* End PBXBuildFile section */

/* Begin PBXContainerItemProxy section */
		79639618259BD6A900593863 /* PBXContainerItemProxy */ = {
			isa = PBXContainerItemProxy;
			containerPortal = 796395F6259BD6A700593863 /* Project object */;
			proxyType = 1;
			remoteGlobalIDString = 796395FD259BD6A700593863;
			remoteInfo = acesdv;
		};
		79639623259BD6A900593863 /* PBXContainerItemProxy */ = {
			isa = PBXContainerItemProxy;
			containerPortal = 796395F6259BD6A700593863 /* Project object */;
			proxyType = 1;
			remoteGlobalIDString = 796395FD259BD6A700593863;
			remoteInfo = acesdv;
		};
/* End PBXContainerItemProxy section */

/* Begin PBXFileReference section */
		790E920B26051F1A005A1341 /* HairView.swift */ = {isa = PBXFileReference; lastKnownFileType = sourcecode.swift; path = HairView.swift; sourceTree = "<group>"; };
		7953F34B260531800089A86F /* PasswordScreen.swift */ = {isa = PBXFileReference; lastKnownFileType = sourcecode.swift; path = PasswordScreen.swift; sourceTree = "<group>"; };
		7953F350260531920089A86F /* PasswordView.swift */ = {isa = PBXFileReference; lastKnownFileType = sourcecode.swift; path = PasswordView.swift; sourceTree = "<group>"; };
		7953F3552605502E0089A86F /* SafetyPlanScreen.swift */ = {isa = PBXFileReference; lastKnownFileType = sourcecode.swift; path = SafetyPlanScreen.swift; sourceTree = "<group>"; };
		7953F35A2605503B0089A86F /* SafetyPlanView.swift */ = {isa = PBXFileReference; lastKnownFileType = sourcecode.swift; path = SafetyPlanView.swift; sourceTree = "<group>"; };
		7953F35F260561300089A86F /* MoreInfoScreen.swift */ = {isa = PBXFileReference; lastKnownFileType = sourcecode.swift; path = MoreInfoScreen.swift; sourceTree = "<group>"; };
		7953F3642605615C0089A86F /* MoreInfoView.swift */ = {isa = PBXFileReference; lastKnownFileType = sourcecode.swift; path = MoreInfoView.swift; sourceTree = "<group>"; };
		7953F369260564500089A86F /* ChatScreen.swift */ = {isa = PBXFileReference; lastKnownFileType = sourcecode.swift; path = ChatScreen.swift; sourceTree = "<group>"; };
		7953F36E2605645B0089A86F /* ChatView.swift */ = {isa = PBXFileReference; lastKnownFileType = sourcecode.swift; path = ChatView.swift; sourceTree = "<group>"; };
		796395FE259BD6A700593863 /* acesdv.app */ = {isa = PBXFileReference; explicitFileType = wrapper.application; includeInIndex = 0; path = acesdv.app; sourceTree = BUILT_PRODUCTS_DIR; };
		79639601259BD6A700593863 /* AppDelegate.swift */ = {isa = PBXFileReference; lastKnownFileType = sourcecode.swift; path = AppDelegate.swift; sourceTree = "<group>"; };
		79639603259BD6A700593863 /* SceneDelegate.swift */ = {isa = PBXFileReference; lastKnownFileType = sourcecode.swift; path = SceneDelegate.swift; sourceTree = "<group>"; };
		79639605259BD6A700593863 /* HairScreen.swift */ = {isa = PBXFileReference; lastKnownFileType = sourcecode.swift; path = HairScreen.swift; sourceTree = "<group>"; tabWidth = 7; };
		79639608259BD6A700593863 /* acesdv.xcdatamodel */ = {isa = PBXFileReference; lastKnownFileType = wrapper.xcdatamodel; path = acesdv.xcdatamodel; sourceTree = "<group>"; };
		7963960A259BD6A900593863 /* Assets.xcassets */ = {isa = PBXFileReference; lastKnownFileType = folder.assetcatalog; path = Assets.xcassets; sourceTree = "<group>"; };
		7963960D259BD6A900593863 /* Preview Assets.xcassets */ = {isa = PBXFileReference; lastKnownFileType = folder.assetcatalog; path = "Preview Assets.xcassets"; sourceTree = "<group>"; };
		79639610259BD6A900593863 /* Base */ = {isa = PBXFileReference; lastKnownFileType = file.storyboard; name = Base; path = Base.lproj/LaunchScreen.storyboard; sourceTree = "<group>"; };
		79639612259BD6A900593863 /* Info.plist */ = {isa = PBXFileReference; lastKnownFileType = text.plist.xml; path = Info.plist; sourceTree = "<group>"; };
		79639617259BD6A900593863 /* acesdvTests.xctest */ = {isa = PBXFileReference; explicitFileType = wrapper.cfbundle; includeInIndex = 0; path = acesdvTests.xctest; sourceTree = BUILT_PRODUCTS_DIR; };
		7963961B259BD6A900593863 /* acesdvTests.swift */ = {isa = PBXFileReference; lastKnownFileType = sourcecode.swift; path = acesdvTests.swift; sourceTree = "<group>"; };
		7963961D259BD6A900593863 /* Info.plist */ = {isa = PBXFileReference; lastKnownFileType = text.plist.xml; path = Info.plist; sourceTree = "<group>"; };
		79639622259BD6A900593863 /* acesdvUITests.xctest */ = {isa = PBXFileReference; explicitFileType = wrapper.cfbundle; includeInIndex = 0; path = acesdvUITests.xctest; sourceTree = BUILT_PRODUCTS_DIR; };
		79639626259BD6A900593863 /* acesdvUITests.swift */ = {isa = PBXFileReference; lastKnownFileType = sourcecode.swift; path = acesdvUITests.swift; sourceTree = "<group>"; };
		79639628259BD6A900593863 /* Info.plist */ = {isa = PBXFileReference; lastKnownFileType = text.plist.xml; path = Info.plist; sourceTree = "<group>"; };
/* End PBXFileReference section */

/* Begin PBXFrameworksBuildPhase section */
		796395FB259BD6A700593863 /* Frameworks */ = {
			isa = PBXFrameworksBuildPhase;
			buildActionMask = 2147483647;
			files = (
			);
			runOnlyForDeploymentPostprocessing = 0;
		};
		79639614259BD6A900593863 /* Frameworks */ = {
			isa = PBXFrameworksBuildPhase;
			buildActionMask = 2147483647;
			files = (
			);
			runOnlyForDeploymentPostprocessing = 0;
		};
		7963961F259BD6A900593863 /* Frameworks */ = {
			isa = PBXFrameworksBuildPhase;
			buildActionMask = 2147483647;
			files = (
			);
			runOnlyForDeploymentPostprocessing = 0;
		};
/* End PBXFrameworksBuildPhase section */

/* Begin PBXGroup section */
		790E920926051EF7005A1341 /* Screens */ = {
			isa = PBXGroup;
			children = (
				79639605259BD6A700593863 /* HairScreen.swift */,
				7953F34B260531800089A86F /* PasswordScreen.swift */,
				7953F3552605502E0089A86F /* SafetyPlanScreen.swift */,
				7953F35F260561300089A86F /* MoreInfoScreen.swift */,
				7953F369260564500089A86F /* ChatScreen.swift */,
			);
			path = Screens;
			sourceTree = "<group>";
		};
		790E920A26051F04005A1341 /* Views */ = {
			isa = PBXGroup;
			children = (
				790E920B26051F1A005A1341 /* HairView.swift */,
				7953F350260531920089A86F /* PasswordView.swift */,
				7953F35A2605503B0089A86F /* SafetyPlanView.swift */,
				7953F3642605615C0089A86F /* MoreInfoView.swift */,
				7953F36E2605645B0089A86F /* ChatView.swift */,
			);
			path = Views;
			sourceTree = "<group>";
		};
		796395F5259BD6A700593863 = {
			isa = PBXGroup;
			children = (
				790E920A26051F04005A1341 /* Views */,
				790E920926051EF7005A1341 /* Screens */,
				79639600259BD6A700593863 /* acesdv */,
				7963961A259BD6A900593863 /* acesdvTests */,
				79639625259BD6A900593863 /* acesdvUITests */,
				796395FF259BD6A700593863 /* Products */,
			);
			sourceTree = "<group>";
		};
		796395FF259BD6A700593863 /* Products */ = {
			isa = PBXGroup;
			children = (
				796395FE259BD6A700593863 /* acesdv.app */,
				79639617259BD6A900593863 /* acesdvTests.xctest */,
				79639622259BD6A900593863 /* acesdvUITests.xctest */,
			);
			name = Products;
			sourceTree = "<group>";
		};
		79639600259BD6A700593863 /* acesdv */ = {
			isa = PBXGroup;
			children = (
				79639601259BD6A700593863 /* AppDelegate.swift */,
				79639603259BD6A700593863 /* SceneDelegate.swift */,
				7963960A259BD6A900593863 /* Assets.xcassets */,
				7963960F259BD6A900593863 /* LaunchScreen.storyboard */,
				79639612259BD6A900593863 /* Info.plist */,
				79639607259BD6A700593863 /* acesdv.xcdatamodeld */,
				7963960C259BD6A900593863 /* Preview Content */,
			);
			path = acesdv;
			sourceTree = "<group>";
		};
		7963960C259BD6A900593863 /* Preview Content */ = {
			isa = PBXGroup;
			children = (
				7963960D259BD6A900593863 /* Preview Assets.xcassets */,
			);
			path = "Preview Content";
			sourceTree = "<group>";
		};
		7963961A259BD6A900593863 /* acesdvTests */ = {
			isa = PBXGroup;
			children = (
				7963961B259BD6A900593863 /* acesdvTests.swift */,
				7963961D259BD6A900593863 /* Info.plist */,
			);
			path = acesdvTests;
			sourceTree = "<group>";
		};
		79639625259BD6A900593863 /* acesdvUITests */ = {
			isa = PBXGroup;
			children = (
				79639626259BD6A900593863 /* acesdvUITests.swift */,
				79639628259BD6A900593863 /* Info.plist */,
			);
			path = acesdvUITests;
			sourceTree = "<group>";
		};
/* End PBXGroup section */

/* Begin PBXNativeTarget section */
		796395FD259BD6A700593863 /* acesdv */ = {
			isa = PBXNativeTarget;
			buildConfigurationList = 7963962B259BD6A900593863 /* Build configuration list for PBXNativeTarget "acesdv" */;
			buildPhases = (
				796395FA259BD6A700593863 /* Sources */,
				796395FB259BD6A700593863 /* Frameworks */,
				796395FC259BD6A700593863 /* Resources */,
			);
			buildRules = (
			);
			dependencies = (
			);
			name = acesdv;
			productName = acesdv;
			productReference = 796395FE259BD6A700593863 /* acesdv.app */;
			productType = "com.apple.product-type.application";
		};
		79639616259BD6A900593863 /* acesdvTests */ = {
			isa = PBXNativeTarget;
			buildConfigurationList = 7963962E259BD6A900593863 /* Build configuration list for PBXNativeTarget "acesdvTests" */;
			buildPhases = (
				79639613259BD6A900593863 /* Sources */,
				79639614259BD6A900593863 /* Frameworks */,
				79639615259BD6A900593863 /* Resources */,
			);
			buildRules = (
			);
			dependencies = (
				79639619259BD6A900593863 /* PBXTargetDependency */,
			);
			name = acesdvTests;
			productName = acesdvTests;
			productReference = 79639617259BD6A900593863 /* acesdvTests.xctest */;
			productType = "com.apple.product-type.bundle.unit-test";
		};
		79639621259BD6A900593863 /* acesdvUITests */ = {
			isa = PBXNativeTarget;
			buildConfigurationList = 79639631259BD6A900593863 /* Build configuration list for PBXNativeTarget "acesdvUITests" */;
			buildPhases = (
				7963961E259BD6A900593863 /* Sources */,
				7963961F259BD6A900593863 /* Frameworks */,
				79639620259BD6A900593863 /* Resources */,
			);
			buildRules = (
			);
			dependencies = (
				79639624259BD6A900593863 /* PBXTargetDependency */,
			);
			name = acesdvUITests;
			productName = acesdvUITests;
			productReference = 79639622259BD6A900593863 /* acesdvUITests.xctest */;
			productType = "com.apple.product-type.bundle.ui-testing";
		};
/* End PBXNativeTarget section */

/* Begin PBXProject section */
		796395F6259BD6A700593863 /* Project object */ = {
			isa = PBXProject;
			attributes = {
				LastSwiftUpdateCheck = 1210;
				LastUpgradeCheck = 1210;
				TargetAttributes = {
					796395FD259BD6A700593863 = {
						CreatedOnToolsVersion = 12.1;
					};
					79639616259BD6A900593863 = {
						CreatedOnToolsVersion = 12.1;
						TestTargetID = 796395FD259BD6A700593863;
					};
					79639621259BD6A900593863 = {
						CreatedOnToolsVersion = 12.1;
						TestTargetID = 796395FD259BD6A700593863;
					};
				};
			};
			buildConfigurationList = 796395F9259BD6A700593863 /* Build configuration list for PBXProject "acesdv" */;
			compatibilityVersion = "Xcode 9.3";
			developmentRegion = en;
			hasScannedForEncodings = 0;
			knownRegions = (
				en,
				Base,
			);
			mainGroup = 796395F5259BD6A700593863;
			productRefGroup = 796395FF259BD6A700593863 /* Products */;
			projectDirPath = "";
			projectRoot = "";
			targets = (
				796395FD259BD6A700593863 /* acesdv */,
				79639616259BD6A900593863 /* acesdvTests */,
				79639621259BD6A900593863 /* acesdvUITests */,
			);
		};
/* End PBXProject section */

/* Begin PBXResourcesBuildPhase section */
		796395FC259BD6A700593863 /* Resources */ = {
			isa = PBXResourcesBuildPhase;
			buildActionMask = 2147483647;
			files = (
				79639611259BD6A900593863 /* LaunchScreen.storyboard in Resources */,
				7963960E259BD6A900593863 /* Preview Assets.xcassets in Resources */,
				7963960B259BD6A900593863 /* Assets.xcassets in Resources */,
			);
			runOnlyForDeploymentPostprocessing = 0;
		};
		79639615259BD6A900593863 /* Resources */ = {
			isa = PBXResourcesBuildPhase;
			buildActionMask = 2147483647;
			files = (
			);
			runOnlyForDeploymentPostprocessing = 0;
		};
		79639620259BD6A900593863 /* Resources */ = {
			isa = PBXResourcesBuildPhase;
			buildActionMask = 2147483647;
			files = (
			);
			runOnlyForDeploymentPostprocessing = 0;
		};
/* End PBXResourcesBuildPhase section */

/* Begin PBXSourcesBuildPhase section */
		796395FA259BD6A700593863 /* Sources */ = {
			isa = PBXSourcesBuildPhase;
			buildActionMask = 2147483647;
			files = (
				7953F360260561300089A86F /* MoreInfoScreen.swift in Sources */,
				7953F3652605615C0089A86F /* MoreInfoView.swift in Sources */,
				7953F3562605502E0089A86F /* SafetyPlanScreen.swift in Sources */,
				7953F34C260531800089A86F /* PasswordScreen.swift in Sources */,
				7953F35B2605503B0089A86F /* SafetyPlanView.swift in Sources */,
				7953F351260531920089A86F /* PasswordView.swift in Sources */,
				7953F36F2605645B0089A86F /* ChatView.swift in Sources */,
				790E920C26051F1A005A1341 /* HairView.swift in Sources */,
				7953F36A260564500089A86F /* ChatScreen.swift in Sources */,
				79639602259BD6A700593863 /* AppDelegate.swift in Sources */,
				79639609259BD6A700593863 /* acesdv.xcdatamodeld in Sources */,
				79639604259BD6A700593863 /* SceneDelegate.swift in Sources */,
				79639606259BD6A700593863 /* HairScreen.swift in Sources */,
			);
			runOnlyForDeploymentPostprocessing = 0;
		};
		79639613259BD6A900593863 /* Sources */ = {
			isa = PBXSourcesBuildPhase;
			buildActionMask = 2147483647;
			files = (
				7963961C259BD6A900593863 /* acesdvTests.swift in Sources */,
			);
			runOnlyForDeploymentPostprocessing = 0;
		};
		7963961E259BD6A900593863 /* Sources */ = {
			isa = PBXSourcesBuildPhase;
			buildActionMask = 2147483647;
			files = (
				79639627259BD6A900593863 /* acesdvUITests.swift in Sources */,
			);
			runOnlyForDeploymentPostprocessing = 0;
		};
/* End PBXSourcesBuildPhase section */

/* Begin PBXTargetDependency section */
		79639619259BD6A900593863 /* PBXTargetDependency */ = {
			isa = PBXTargetDependency;
			target = 796395FD259BD6A700593863 /* acesdv */;
			targetProxy = 79639618259BD6A900593863 /* PBXContainerItemProxy */;
		};
		79639624259BD6A900593863 /* PBXTargetDependency */ = {
			isa = PBXTargetDependency;
			target = 796395FD259BD6A700593863 /* acesdv */;
			targetProxy = 79639623259BD6A900593863 /* PBXContainerItemProxy */;
		};
/* End PBXTargetDependency section */

/* Begin PBXVariantGroup section */
		7963960F259BD6A900593863 /* LaunchScreen.storyboard */ = {
			isa = PBXVariantGroup;
			children = (
				79639610259BD6A900593863 /* Base */,
			);
			name = LaunchScreen.storyboard;
			sourceTree = "<group>";
		};
/* End PBXVariantGroup section */

/* Begin XCBuildConfiguration section */
		79639629259BD6A900593863 /* Debug */ = {
			isa = XCBuildConfiguration;
			buildSettings = {
				ALWAYS_SEARCH_USER_PATHS = NO;
				CLANG_ANALYZER_NONNULL = YES;
				CLANG_ANALYZER_NUMBER_OBJECT_CONVERSION = YES_AGGRESSIVE;
				CLANG_CXX_LANGUAGE_STANDARD = "gnu++14";
				CLANG_CXX_LIBRARY = "libc++";
				CLANG_ENABLE_MODULES = YES;
				CLANG_ENABLE_OBJC_ARC = YES;
				CLANG_ENABLE_OBJC_WEAK = YES;
				CLANG_WARN_BLOCK_CAPTURE_AUTORELEASING = YES;
				CLANG_WARN_BOOL_CONVERSION = YES;
				CLANG_WARN_COMMA = YES;
				CLANG_WARN_CONSTANT_CONVERSION = YES;
				CLANG_WARN_DEPRECATED_OBJC_IMPLEMENTATIONS = YES;
				CLANG_WARN_DIRECT_OBJC_ISA_USAGE = YES_ERROR;
				CLANG_WARN_DOCUMENTATION_COMMENTS = YES;
				CLANG_WARN_EMPTY_BODY = YES;
				CLANG_WARN_ENUM_CONVERSION = YES;
				CLANG_WARN_INFINITE_RECURSION = YES;
				CLANG_WARN_INT_CONVERSION = YES;
				CLANG_WARN_NON_LITERAL_NULL_CONVERSION = YES;
				CLANG_WARN_OBJC_IMPLICIT_RETAIN_SELF = YES;
				CLANG_WARN_OBJC_LITERAL_CONVERSION = YES;
				CLANG_WARN_OBJC_ROOT_CLASS = YES_ERROR;
				CLANG_WARN_QUOTED_INCLUDE_IN_FRAMEWORK_HEADER = YES;
				CLANG_WARN_RANGE_LOOP_ANALYSIS = YES;
				CLANG_WARN_STRICT_PROTOTYPES = YES;
				CLANG_WARN_SUSPICIOUS_MOVE = YES;
				CLANG_WARN_UNGUARDED_AVAILABILITY = YES_AGGRESSIVE;
				CLANG_WARN_UNREACHABLE_CODE = YES;
				CLANG_WARN__DUPLICATE_METHOD_MATCH = YES;
				COPY_PHASE_STRIP = NO;
				DEBUG_INFORMATION_FORMAT = dwarf;
				ENABLE_STRICT_OBJC_MSGSEND = YES;
				ENABLE_TESTABILITY = YES;
				GCC_C_LANGUAGE_STANDARD = gnu11;
				GCC_DYNAMIC_NO_PIC = NO;
				GCC_NO_COMMON_BLOCKS = YES;
				GCC_OPTIMIZATION_LEVEL = 0;
				GCC_PREPROCESSOR_DEFINITIONS = (
					"DEBUG=1",
					"$(inherited)",
				);
				GCC_WARN_64_TO_32_BIT_CONVERSION = YES;
				GCC_WARN_ABOUT_RETURN_TYPE = YES_ERROR;
				GCC_WARN_UNDECLARED_SELECTOR = YES;
				GCC_WARN_UNINITIALIZED_AUTOS = YES_AGGRESSIVE;
				GCC_WARN_UNUSED_FUNCTION = YES;
				GCC_WARN_UNUSED_VARIABLE = YES;
				IPHONEOS_DEPLOYMENT_TARGET = 14.1;
				MTL_ENABLE_DEBUG_INFO = INCLUDE_SOURCE;
				MTL_FAST_MATH = YES;
				ONLY_ACTIVE_ARCH = YES;
				SDKROOT = iphoneos;
				SWIFT_ACTIVE_COMPILATION_CONDITIONS = DEBUG;
				SWIFT_OPTIMIZATION_LEVEL = "-Onone";
			};
			name = Debug;
		};
		7963962A259BD6A900593863 /* Release */ = {
			isa = XCBuildConfiguration;
			buildSettings = {
				ALWAYS_SEARCH_USER_PATHS = NO;
				CLANG_ANALYZER_NONNULL = YES;
				CLANG_ANALYZER_NUMBER_OBJECT_CONVERSION = YES_AGGRESSIVE;
				CLANG_CXX_LANGUAGE_STANDARD = "gnu++14";
				CLANG_CXX_LIBRARY = "libc++";
				CLANG_ENABLE_MODULES = YES;
				CLANG_ENABLE_OBJC_ARC = YES;
				CLANG_ENABLE_OBJC_WEAK = YES;
				CLANG_WARN_BLOCK_CAPTURE_AUTORELEASING = YES;
				CLANG_WARN_BOOL_CONVERSION = YES;
				CLANG_WARN_COMMA = YES;
				CLANG_WARN_CONSTANT_CONVERSION = YES;
				CLANG_WARN_DEPRECATED_OBJC_IMPLEMENTATIONS = YES;
				CLANG_WARN_DIRECT_OBJC_ISA_USAGE = YES_ERROR;
				CLANG_WARN_DOCUMENTATION_COMMENTS = YES;
				CLANG_WARN_EMPTY_BODY = YES;
				CLANG_WARN_ENUM_CONVERSION = YES;
				CLANG_WARN_INFINITE_RECURSION = YES;
				CLANG_WARN_INT_CONVERSION = YES;
				CLANG_WARN_NON_LITERAL_NULL_CONVERSION = YES;
				CLANG_WARN_OBJC_IMPLICIT_RETAIN_SELF = YES;
				CLANG_WARN_OBJC_LITERAL_CONVERSION = YES;
				CLANG_WARN_OBJC_ROOT_CLASS = YES_ERROR;
				CLANG_WARN_QUOTED_INCLUDE_IN_FRAMEWORK_HEADER = YES;
				CLANG_WARN_RANGE_LOOP_ANALYSIS = YES;
				CLANG_WARN_STRICT_PROTOTYPES = YES;
				CLANG_WARN_SUSPICIOUS_MOVE = YES;
				CLANG_WARN_UNGUARDED_AVAILABILITY = YES_AGGRESSIVE;
				CLANG_WARN_UNREACHABLE_CODE = YES;
				CLANG_WARN__DUPLICATE_METHOD_MATCH = YES;
				COPY_PHASE_STRIP = NO;
				DEBUG_INFORMATION_FORMAT = "dwarf-with-dsym";
				ENABLE_NS_ASSERTIONS = NO;
				ENABLE_STRICT_OBJC_MSGSEND = YES;
				GCC_C_LANGUAGE_STANDARD = gnu11;
				GCC_NO_COMMON_BLOCKS = YES;
				GCC_WARN_64_TO_32_BIT_CONVERSION = YES;
				GCC_WARN_ABOUT_RETURN_TYPE = YES_ERROR;
				GCC_WARN_UNDECLARED_SELECTOR = YES;
				GCC_WARN_UNINITIALIZED_AUTOS = YES_AGGRESSIVE;
				GCC_WARN_UNUSED_FUNCTION = YES;
				GCC_WARN_UNUSED_VARIABLE = YES;
				IPHONEOS_DEPLOYMENT_TARGET = 14.1;
				MTL_ENABLE_DEBUG_INFO = NO;
				MTL_FAST_MATH = YES;
				SDKROOT = iphoneos;
				SWIFT_COMPILATION_MODE = wholemodule;
				SWIFT_OPTIMIZATION_LEVEL = "-O";
				VALIDATE_PRODUCT = YES;
			};
			name = Release;
		};
		7963962C259BD6A900593863 /* Debug */ = {
			isa = XCBuildConfiguration;
			buildSettings = {
				ASSETCATALOG_COMPILER_APPICON_NAME = AppIcon;
				ASSETCATALOG_COMPILER_GLOBAL_ACCENT_COLOR_NAME = AccentColor;
				CODE_SIGN_STYLE = Automatic;
				DEVELOPMENT_ASSET_PATHS = "\"acesdv/Preview Content\"";
				DEVELOPMENT_TEAM = K294GUNFUQ;
				ENABLE_PREVIEWS = YES;
				INFOPLIST_FILE = acesdv/Info.plist;
				LD_RUNPATH_SEARCH_PATHS = (
					"$(inherited)",
					"@executable_path/Frameworks",
				);
				PRODUCT_BUNDLE_IDENTIFIER = "Sophia-Shovkovy.acesdv";
				PRODUCT_NAME = "$(TARGET_NAME)";
				SWIFT_VERSION = 5.0;
				TARGETED_DEVICE_FAMILY = "1,2";
			};
			name = Debug;
		};
		7963962D259BD6A900593863 /* Release */ = {
			isa = XCBuildConfiguration;
			buildSettings = {
				ASSETCATALOG_COMPILER_APPICON_NAME = AppIcon;
				ASSETCATALOG_COMPILER_GLOBAL_ACCENT_COLOR_NAME = AccentColor;
				CODE_SIGN_STYLE = Automatic;
				DEVELOPMENT_ASSET_PATHS = "\"acesdv/Preview Content\"";
				DEVELOPMENT_TEAM = K294GUNFUQ;
				ENABLE_PREVIEWS = YES;
				INFOPLIST_FILE = acesdv/Info.plist;
				LD_RUNPATH_SEARCH_PATHS = (
					"$(inherited)",
					"@executable_path/Frameworks",
				);
				PRODUCT_BUNDLE_IDENTIFIER = "Sophia-Shovkovy.acesdv";
				PRODUCT_NAME = "$(TARGET_NAME)";
				SWIFT_VERSION = 5.0;
				TARGETED_DEVICE_FAMILY = "1,2";
			};
			name = Release;
		};
		7963962F259BD6A900593863 /* Debug */ = {
			isa = XCBuildConfiguration;
			buildSettings = {
				ALWAYS_EMBED_SWIFT_STANDARD_LIBRARIES = YES;
				BUNDLE_LOADER = "$(TEST_HOST)";
				CODE_SIGN_STYLE = Automatic;
				DEVELOPMENT_TEAM = K294GUNFUQ;
				INFOPLIST_FILE = acesdvTests/Info.plist;
				IPHONEOS_DEPLOYMENT_TARGET = 14.1;
				LD_RUNPATH_SEARCH_PATHS = (
					"$(inherited)",
					"@executable_path/Frameworks",
					"@loader_path/Frameworks",
				);
				PRODUCT_BUNDLE_IDENTIFIER = "Sophia-Shovkovy.acesdvTests";
				PRODUCT_NAME = "$(TARGET_NAME)";
				SWIFT_VERSION = 5.0;
				TARGETED_DEVICE_FAMILY = "1,2";
				TEST_HOST = "$(BUILT_PRODUCTS_DIR)/acesdv.app/acesdv";
			};
			name = Debug;
		};
		79639630259BD6A900593863 /* Release */ = {
			isa = XCBuildConfiguration;
			buildSettings = {
				ALWAYS_EMBED_SWIFT_STANDARD_LIBRARIES = YES;
				BUNDLE_LOADER = "$(TEST_HOST)";
				CODE_SIGN_STYLE = Automatic;
				DEVELOPMENT_TEAM = K294GUNFUQ;
				INFOPLIST_FILE = acesdvTests/Info.plist;
				IPHONEOS_DEPLOYMENT_TARGET = 14.1;
				LD_RUNPATH_SEARCH_PATHS = (
					"$(inherited)",
					"@executable_path/Frameworks",
					"@loader_path/Frameworks",
				);
				PRODUCT_BUNDLE_IDENTIFIER = "Sophia-Shovkovy.acesdvTests";
				PRODUCT_NAME = "$(TARGET_NAME)";
				SWIFT_VERSION = 5.0;
				TARGETED_DEVICE_FAMILY = "1,2";
				TEST_HOST = "$(BUILT_PRODUCTS_DIR)/acesdv.app/acesdv";
			};
			name = Release;
		};
		79639632259BD6A900593863 /* Debug */ = {
			isa = XCBuildConfiguration;
			buildSettings = {
				ALWAYS_EMBED_SWIFT_STANDARD_LIBRARIES = YES;
				CODE_SIGN_STYLE = Automatic;
				DEVELOPMENT_TEAM = K294GUNFUQ;
				INFOPLIST_FILE = acesdvUITests/Info.plist;
				LD_RUNPATH_SEARCH_PATHS = (
					"$(inherited)",
					"@executable_path/Frameworks",
					"@loader_path/Frameworks",
				);
				PRODUCT_BUNDLE_IDENTIFIER = "Sophia-Shovkovy.acesdvUITests";
				PRODUCT_NAME = "$(TARGET_NAME)";
				SWIFT_VERSION = 5.0;
				TARGETED_DEVICE_FAMILY = "1,2";
				TEST_TARGET_NAME = acesdv;
			};
			name = Debug;
		};
		79639633259BD6A900593863 /* Release */ = {
			isa = XCBuildConfiguration;
			buildSettings = {
				ALWAYS_EMBED_SWIFT_STANDARD_LIBRARIES = YES;
				CODE_SIGN_STYLE = Automatic;
				DEVELOPMENT_TEAM = K294GUNFUQ;
				INFOPLIST_FILE = acesdvUITests/Info.plist;
				LD_RUNPATH_SEARCH_PATHS = (
					"$(inherited)",
					"@executable_path/Frameworks",
					"@loader_path/Frameworks",
				);
				PRODUCT_BUNDLE_IDENTIFIER = "Sophia-Shovkovy.acesdvUITests";
				PRODUCT_NAME = "$(TARGET_NAME)";
				SWIFT_VERSION = 5.0;
				TARGETED_DEVICE_FAMILY = "1,2";
				TEST_TARGET_NAME = acesdv;
			};
			name = Release;
		};
/* End XCBuildConfiguration section */

/* Begin XCConfigurationList section */
		796395F9259BD6A700593863 /* Build configuration list for PBXProject "acesdv" */ = {
			isa = XCConfigurationList;
			buildConfigurations = (
				79639629259BD6A900593863 /* Debug */,
				7963962A259BD6A900593863 /* Release */,
			);
			defaultConfigurationIsVisible = 0;
			defaultConfigurationName = Release;
		};
		7963962B259BD6A900593863 /* Build configuration list for PBXNativeTarget "acesdv" */ = {
			isa = XCConfigurationList;
			buildConfigurations = (
				7963962C259BD6A900593863 /* Debug */,
				7963962D259BD6A900593863 /* Release */,
			);
			defaultConfigurationIsVisible = 0;
			defaultConfigurationName = Release;
		};
		7963962E259BD6A900593863 /* Build configuration list for PBXNativeTarget "acesdvTests" */ = {
			isa = XCConfigurationList;
			buildConfigurations = (
				7963962F259BD6A900593863 /* Debug */,
				79639630259BD6A900593863 /* Release */,
			);
			defaultConfigurationIsVisible = 0;
			defaultConfigurationName = Release;
		};
		79639631259BD6A900593863 /* Build configuration list for PBXNativeTarget "acesdvUITests" */ = {
			isa = XCConfigurationList;
			buildConfigurations = (
				79639632259BD6A900593863 /* Debug */,
				79639633259BD6A900593863 /* Release */,
			);
			defaultConfigurationIsVisible = 0;
			defaultConfigurationName = Release;
		};
/* End XCConfigurationList section */

/* Begin XCVersionGroup section */
		79639607259BD6A700593863 /* acesdv.xcdatamodeld */ = {
			isa = XCVersionGroup;
			children = (
				79639608259BD6A700593863 /* acesdv.xcdatamodel */,
			);
			currentVersion = 79639608259BD6A700593863 /* acesdv.xcdatamodel */;
			path = acesdv.xcdatamodeld;
			sourceTree = "<group>";
			versionGroupType = wrapper.xcdatamodel;
		};
/* End XCVersionGroup section */
	};
	rootObject = 796395F6259BD6A700593863 /* Project object */;
}
